
Microsoft Visual Studio Solution File, Format Version 12.00
# Visual Studio Version 16
VisualStudioVersion = 16.0.31112.23
MinimumVisualStudioVersion = 10.0.40219.1
Project("{FAE04EC0-301F-11D3-BF4B-00C04F79EFBC}") = "Assp.NETMVCCRUD", "Assp.NETMVCCRUD.csproj", "{11DB5DEC-1C68-4062-A35C-941F71577E68}"
EndProject
Global
	GlobalSection(SolutionConfigurationPlatforms) = preSolution
		Debug|Any CPU = Debug|Any CPU
		Release|Any CPU = Release|Any CPU
	EndGlobalSection
	GlobalSection(ProjectConfigurationPlatforms) = postSolution
		{11DB5DEC-1C68-4062-A35C-941F71577E68}.Debug|Any CPU.ActiveCfg = Debug|Any CPU
		{11DB5DEC-1C68-4062-A35C-941F71577E68}.Debug|Any CPU.Build.0 = Debug|Any CPU
		{11DB5DEC-1C68-4062-A35C-941F71577E68}.Release|Any CPU.ActiveCfg = Release|Any CPU
		{11DB5DEC-1C68-4062-A35C-941F71577E68}.Release|Any CPU.Build.0 = Release|Any CPU
	EndGlobalSection
	GlobalSection(SolutionProperties) = preSolution
		HideSolutionNode = FALSE
	EndGlobalSection
	GlobalSection(ExtensibilityGlobals) = postSolution
		SolutionGuid = {5BD74CBB-343C-4BE4-BEB1-A93F796D2715}
	EndGlobalSection
EndGlobal
